
Microsoft Visual Studio Solution File, Format Version 12.00
# Visual Studio 15
VisualStudioVersion = 15.0.27428.2043
MinimumVisualStudioVersion = 10.0.40219.1
Project("{8BC9CEB8-8B4A-11D0-8D11-00A0C91BC942}") = "Project21", "Project21\Project21.vcxproj", "{F5EEE3D5-D9D5-45A8-9134-0C2762498E22}"
EndProject
Global
	GlobalSection(SolutionConfigurationPlatforms) = preSolution
		Debug|x64 = Debug|x64
		Debug|x86 = Debug|x86
		Release|x64 = Release|x64
		Release|x86 = Release|x86
	EndGlobalSection
	GlobalSection(ProjectConfigurationPlatforms) = postSolution
		{F5EEE3D5-D9D5-45A8-9134-0C2762498E22}.Debug|x64.ActiveCfg = Debug|x64
		{F5EEE3D5-D9D5-45A8-9134-0C2762498E22}.Debug|x64.Build.0 = Debug|x64
		{F5EEE3D5-D9D5-45A8-9134-0C2762498E22}.Debug|x86.ActiveCfg = Debug|Win32
		{F5EEE3D5-D9D5-45A8-9134-0C2762498E22}.Debug|x86.Build.0 = Debug|Win32
		{F5EEE3D5-D9D5-45A8-9134-0C2762498E22}.Release|x64.ActiveCfg = Release|x64
		{F5EEE3D5-D9D5-45A8-9134-0C2762498E22}.Release|x64.Build.0 = Release|x64
		{F5EEE3D5-D9D5-45A8-9134-0C2762498E22}.Release|x86.ActiveCfg = Release|Win32
		{F5EEE3D5-D9D5-45A8-9134-0C2762498E22}.Release|x86.Build.0 = Release|Win32
	EndGlobalSection
	GlobalSection(SolutionProperties) = preSolution
		HideSolutionNode = FALSE
	EndGlobalSection
	GlobalSection(ExtensibilityGlobals) = postSolution
		SolutionGuid = {A1EE3DCD-38F4-4555-89BE-D1EA0A62B398}
	EndGlobalSection
EndGlobal
